
Microsoft Visual Studio Solution File, Format Version 12.00
# Visual Studio 15
VisualStudioVersion = 15.0.27703.2035
MinimumVisualStudioVersion = 10.0.40219.1
Project("{FAE04EC0-301F-11D3-BF4B-00C04F79EFBC}") = "Thetjyoung.Web", "..\Thetjyoung.Web\Thetjyoung.Web.csproj", "{9F5FF722-BAC2-4F2F-B6F6-53D7790BFEC9}"
EndProject
Global
	GlobalSection(SolutionConfigurationPlatforms) = preSolution
		Debug|Any CPU = Debug|Any CPU
		Release|Any CPU = Release|Any CPU
	EndGlobalSection
	GlobalSection(ProjectConfigurationPlatforms) = postSolution
		{9F5FF722-BAC2-4F2F-B6F6-53D7790BFEC9}.Debug|Any CPU.ActiveCfg = Debug|Any CPU
		{9F5FF722-BAC2-4F2F-B6F6-53D7790BFEC9}.Debug|Any CPU.Build.0 = Debug|Any CPU
		{9F5FF722-BAC2-4F2F-B6F6-53D7790BFEC9}.Release|Any CPU.ActiveCfg = Release|Any CPU
		{9F5FF722-BAC2-4F2F-B6F6-53D7790BFEC9}.Release|Any CPU.Build.0 = Release|Any CPU
	EndGlobalSection
	GlobalSection(SolutionProperties) = preSolution
		HideSolutionNode = FALSE
	EndGlobalSection
	GlobalSection(ExtensibilityGlobals) = postSolution
		SolutionGuid = {2BE35830-2F5D-42B8-A5E6-0EF7D608F4A2}
	EndGlobalSection
EndGlobal
